
Microsoft Visual Studio Solution File, Format Version 12.00
# Visual Studio 14
VisualStudioVersion = 14.0.24720.0
MinimumVisualStudioVersion = 10.0.40219.1
Project("{FAE04EC0-301F-11D3-BF4B-00C04F79EFBC}") = "Exercise1", "WebApplication33\Exercise1.csproj", "{7018D346-D356-4267-B41E-A5C1DB1A74CF}"
EndProject
Project("{FAE04EC0-301F-11D3-BF4B-00C04F79EFBC}") = "Exercise2", "Exercise2\Exercise2.csproj", "{C66CA1D6-FCFF-4CD7-8E11-A71147535DCC}"
EndProject
Project("{FAE04EC0-301F-11D3-BF4B-00C04F79EFBC}") = "SearchIntegration", "SearchIntegration\SearchIntegration.csproj", "{05241A81-C0ED-4BE2-9767-F8E53E43856A}"
EndProject
Global
	GlobalSection(SolutionConfigurationPlatforms) = preSolution
		Debug|Any CPU = Debug|Any CPU
		Release|Any CPU = Release|Any CPU
	EndGlobalSection
	GlobalSection(ProjectConfigurationPlatforms) = postSolution
		{7018D346-D356-4267-B41E-A5C1DB1A74CF}.Debug|Any CPU.ActiveCfg = Debug|Any CPU
		{7018D346-D356-4267-B41E-A5C1DB1A74CF}.Debug|Any CPU.Build.0 = Debug|Any CPU
		{7018D346-D356-4267-B41E-A5C1DB1A74CF}.Release|Any CPU.ActiveCfg = Release|Any CPU
		{7018D346-D356-4267-B41E-A5C1DB1A74CF}.Release|Any CPU.Build.0 = Release|Any CPU
		{C66CA1D6-FCFF-4CD7-8E11-A71147535DCC}.Debug|Any CPU.ActiveCfg = Debug|Any CPU
		{C66CA1D6-FCFF-4CD7-8E11-A71147535DCC}.Debug|Any CPU.Build.0 = Debug|Any CPU
		{C66CA1D6-FCFF-4CD7-8E11-A71147535DCC}.Release|Any CPU.ActiveCfg = Release|Any CPU
		{C66CA1D6-FCFF-4CD7-8E11-A71147535DCC}.Release|Any CPU.Build.0 = Release|Any CPU
		{05241A81-C0ED-4BE2-9767-F8E53E43856A}.Debug|Any CPU.ActiveCfg = Debug|Any CPU
		{05241A81-C0ED-4BE2-9767-F8E53E43856A}.Debug|Any CPU.Build.0 = Debug|Any CPU
		{05241A81-C0ED-4BE2-9767-F8E53E43856A}.Release|Any CPU.ActiveCfg = Release|Any CPU
		{05241A81-C0ED-4BE2-9767-F8E53E43856A}.Release|Any CPU.Build.0 = Release|Any CPU
	EndGlobalSection
	GlobalSection(SolutionProperties) = preSolution
		HideSolutionNode = FALSE
	EndGlobalSection
EndGlobal
